
Microsoft Visual Studio Solution File, Format Version 12.00
# Visual Studio Version 17
VisualStudioVersion = 17.8.34511.84
MinimumVisualStudioVersion = 10.0.40219.1
Project("{9A19103F-16F7-4668-BE54-9A1E7A4F7556}") = "OrderManagementAPI", "OrderManagementAPI.csproj", "{36D7AFFA-F9A6-4526-8EC0-2CD1FF034346}"
EndProject
Global
	GlobalSection(SolutionConfigurationPlatforms) = preSolution
		Debug|Any CPU = Debug|Any CPU
		Release|Any CPU = Release|Any CPU
	EndGlobalSection
	GlobalSection(ProjectConfigurationPlatforms) = postSolution
		{36D7AFFA-F9A6-4526-8EC0-2CD1FF034346}.Debug|Any CPU.ActiveCfg = Debug|Any CPU
		{36D7AFFA-F9A6-4526-8EC0-2CD1FF034346}.Debug|Any CPU.Build.0 = Debug|Any CPU
		{36D7AFFA-F9A6-4526-8EC0-2CD1FF034346}.Release|Any CPU.ActiveCfg = Release|Any CPU
		{36D7AFFA-F9A6-4526-8EC0-2CD1FF034346}.Release|Any CPU.Build.0 = Release|Any CPU
	EndGlobalSection
	GlobalSection(SolutionProperties) = preSolution
		HideSolutionNode = FALSE
	EndGlobalSection
	GlobalSection(ExtensibilityGlobals) = postSolution
		SolutionGuid = {36BCFBF5-126E-488F-B066-D1132C05B6B2}
	EndGlobalSection
EndGlobal
